# This file is automatically @generated by Cargo.
# It is not intended for manual editing.
version = 4

[[package]]
name = "aegis-safe-policy-fixture"
version = "0.0.0"
dependencies = [
 "iddqd",
]

[[package]]
name = "allocator-api2"
version = "0.2.21"
source = "registry+https://github.com/rust-lang/crates.io-index"
checksum = "683d7910e743518b0e34f1186f92494becacb047c7b6bf616c96772180fef923"

[[package]]
name = "equivalent"
version = "1.0.2"
source = "registry+https://github.com/rust-lang/crates.io-index"
checksum = "877a4ace8713b0bcf2a4e7eec82529c029f1d0619886d18145fea96c3ffe5c0f"

[[package]]
name = "hashbrown"
version = "0.17.1"
source = "registry+https://github.com/rust-lang/crates.io-index"
checksum = "ed5909b6e89a2db4456e54cd5f673791d7eca6732202bbf2a9cc504fe2f9b84a"
dependencies = [
 "allocator-api2",
]

[[package]]
name = "iddqd"
version = "0.5.0"
source = "registry+https://github.com/rust-lang/crates.io-index"
checksum = "c9c6a3a37e36cfd4170bf01265cb987a40993369198fb072c1a0041c0cc485cf"
dependencies = [
 "allocator-api2",
 "equivalent",
 "hashbrown",
]
